
Microsoft Visual Studio Solution File, Format Version 12.00
# Visual Studio Version 16
VisualStudioVersion = 16.0.30330.147
MinimumVisualStudioVersion = 10.0.40219.1
Project("{FAE04EC0-301F-11D3-BF4B-00C04F79EFBC}") = "ServicoComunicacoesEletronicas", "ServicoComunicacoesEletronicas.csproj", "{C7D99407-3CB1-4370-B8D4-38824CAA8F96}"
EndProject
Global
	GlobalSection(SolutionConfigurationPlatforms) = preSolution
		Debug|Any CPU = Debug|Any CPU
		Release|Any CPU = Release|Any CPU
	EndGlobalSection
	GlobalSection(ProjectConfigurationPlatforms) = postSolution
		{C7D99407-3CB1-4370-B8D4-38824CAA8F96}.Debug|Any CPU.ActiveCfg = Debug|Any CPU
		{C7D99407-3CB1-4370-B8D4-38824CAA8F96}.Debug|Any CPU.Build.0 = Debug|Any CPU
		{C7D99407-3CB1-4370-B8D4-38824CAA8F96}.Release|Any CPU.ActiveCfg = Release|Any CPU
		{C7D99407-3CB1-4370-B8D4-38824CAA8F96}.Release|Any CPU.Build.0 = Release|Any CPU
	EndGlobalSection
	GlobalSection(SolutionProperties) = preSolution
		HideSolutionNode = FALSE
	EndGlobalSection
	GlobalSection(ExtensibilityGlobals) = postSolution
		SolutionGuid = {00E4DA33-6265-4061-80C9-B25D6557B15C}
	EndGlobalSection
EndGlobal
